
Microsoft Visual Studio Solution File, Format Version 12.00
# Visual Studio Version 17
VisualStudioVersion = 17.8.34330.188
MinimumVisualStudioVersion = 10.0.40219.1
Project("{9A19103F-16F7-4668-BE54-9A1E7A4F7556}") = "Online_Exam", "Online_Exam\Online_Exam.csproj", "{9E9CBECE-28C2-4592-99FD-7E8E4DCD83B1}"
EndProject
Global
	GlobalSection(SolutionConfigurationPlatforms) = preSolution
		Debug|Any CPU = Debug|Any CPU
		Release|Any CPU = Release|Any CPU
	EndGlobalSection
	GlobalSection(ProjectConfigurationPlatforms) = postSolution
		{9E9CBECE-28C2-4592-99FD-7E8E4DCD83B1}.Debug|Any CPU.ActiveCfg = Debug|Any CPU
		{9E9CBECE-28C2-4592-99FD-7E8E4DCD83B1}.Debug|Any CPU.Build.0 = Debug|Any CPU
		{9E9CBECE-28C2-4592-99FD-7E8E4DCD83B1}.Release|Any CPU.ActiveCfg = Release|Any CPU
		{9E9CBECE-28C2-4592-99FD-7E8E4DCD83B1}.Release|Any CPU.Build.0 = Release|Any CPU
	EndGlobalSection
	GlobalSection(SolutionProperties) = preSolution
		HideSolutionNode = FALSE
	EndGlobalSection
	GlobalSection(ExtensibilityGlobals) = postSolution
		SolutionGuid = {E1D44D1B-54C6-491E-9B4A-AAE1C754BE8E}
	EndGlobalSection
EndGlobal
