
Microsoft Visual Studio Solution File, Format Version 12.00
# Visual Studio Version 17
VisualStudioVersion = 17.8.34330.188
MinimumVisualStudioVersion = 10.0.40219.1
Project("{9A19103F-16F7-4668-BE54-9A1E7A4F7556}") = "Examination.Data", "Examination.Data.csproj", "{4E608024-FECF-4640-B5EE-AFE83BBA0144}"
EndProject
Global
	GlobalSection(SolutionConfigurationPlatforms) = preSolution
		Debug|Any CPU = Debug|Any CPU
		Release|Any CPU = Release|Any CPU
	EndGlobalSection
	GlobalSection(ProjectConfigurationPlatforms) = postSolution
		{4E608024-FECF-4640-B5EE-AFE83BBA0144}.Debug|Any CPU.ActiveCfg = Debug|Any CPU
		{4E608024-FECF-4640-B5EE-AFE83BBA0144}.Debug|Any CPU.Build.0 = Debug|Any CPU
		{4E608024-FECF-4640-B5EE-AFE83BBA0144}.Release|Any CPU.ActiveCfg = Release|Any CPU
		{4E608024-FECF-4640-B5EE-AFE83BBA0144}.Release|Any CPU.Build.0 = Release|Any CPU
	EndGlobalSection
	GlobalSection(SolutionProperties) = preSolution
		HideSolutionNode = FALSE
	EndGlobalSection
	GlobalSection(ExtensibilityGlobals) = postSolution
		SolutionGuid = {4996FFCD-E8F0-40AF-9167-C0309C71E78C}
	EndGlobalSection
EndGlobal
